
Microsoft Visual Studio Solution File, Format Version 12.00
# Visual Studio Version 16
VisualStudioVersion = 16.0.30717.126
MinimumVisualStudioVersion = 10.0.40219.1
Project("{FAE04EC0-301F-11D3-BF4B-00C04F79EFBC}") = "API", "API\API.csproj", "{1987CFC5-823D-40A9-A8A5-561BC3EA3368}"
EndProject
Project("{FAE04EC0-301F-11D3-BF4B-00C04F79EFBC}") = "Managers", "Managers\Managers.csproj", "{395AFB6B-3A5D-452B-A480-D6DFBA493599}"
EndProject
Project("{FAE04EC0-301F-11D3-BF4B-00C04F79EFBC}") = "Engines", "Engines\Engines.csproj", "{D05742EC-9654-4131-A62B-DBE5CB7B9568}"
EndProject
Project("{FAE04EC0-301F-11D3-BF4B-00C04F79EFBC}") = "Accessors", "Accessors\Accessors.csproj", "{8772905C-E262-4B75-9491-8A6CD1366F2C}"
EndProject
Project("{FAE04EC0-301F-11D3-BF4B-00C04F79EFBC}") = "Contracts", "Contracts\Contracts.csproj", "{B126501C-1A55-4CA2-8779-A3BFC8DC0019}"
EndProject
Global
	GlobalSection(SolutionConfigurationPlatforms) = preSolution
		Debug|Any CPU = Debug|Any CPU
		Release|Any CPU = Release|Any CPU
	EndGlobalSection
	GlobalSection(ProjectConfigurationPlatforms) = postSolution
		{1987CFC5-823D-40A9-A8A5-561BC3EA3368}.Debug|Any CPU.ActiveCfg = Debug|Any CPU
		{1987CFC5-823D-40A9-A8A5-561BC3EA3368}.Debug|Any CPU.Build.0 = Debug|Any CPU
		{1987CFC5-823D-40A9-A8A5-561BC3EA3368}.Release|Any CPU.ActiveCfg = Release|Any CPU
		{1987CFC5-823D-40A9-A8A5-561BC3EA3368}.Release|Any CPU.Build.0 = Release|Any CPU
		{395AFB6B-3A5D-452B-A480-D6DFBA493599}.Debug|Any CPU.ActiveCfg = Debug|Any CPU
		{395AFB6B-3A5D-452B-A480-D6DFBA493599}.Debug|Any CPU.Build.0 = Debug|Any CPU
		{395AFB6B-3A5D-452B-A480-D6DFBA493599}.Release|Any CPU.ActiveCfg = Release|Any CPU
		{395AFB6B-3A5D-452B-A480-D6DFBA493599}.Release|Any CPU.Build.0 = Release|Any CPU
		{D05742EC-9654-4131-A62B-DBE5CB7B9568}.Debug|Any CPU.ActiveCfg = Debug|Any CPU
		{D05742EC-9654-4131-A62B-DBE5CB7B9568}.Debug|Any CPU.Build.0 = Debug|Any CPU
		{D05742EC-9654-4131-A62B-DBE5CB7B9568}.Release|Any CPU.ActiveCfg = Release|Any CPU
		{D05742EC-9654-4131-A62B-DBE5CB7B9568}.Release|Any CPU.Build.0 = Release|Any CPU
		{8772905C-E262-4B75-9491-8A6CD1366F2C}.Debug|Any CPU.ActiveCfg = Debug|Any CPU
		{8772905C-E262-4B75-9491-8A6CD1366F2C}.Debug|Any CPU.Build.0 = Debug|Any CPU
		{8772905C-E262-4B75-9491-8A6CD1366F2C}.Release|Any CPU.ActiveCfg = Release|Any CPU
		{8772905C-E262-4B75-9491-8A6CD1366F2C}.Release|Any CPU.Build.0 = Release|Any CPU
		{B126501C-1A55-4CA2-8779-A3BFC8DC0019}.Debug|Any CPU.ActiveCfg = Debug|Any CPU
		{B126501C-1A55-4CA2-8779-A3BFC8DC0019}.Debug|Any CPU.Build.0 = Debug|Any CPU
		{B126501C-1A55-4CA2-8779-A3BFC8DC0019}.Release|Any CPU.ActiveCfg = Release|Any CPU
		{B126501C-1A55-4CA2-8779-A3BFC8DC0019}.Release|Any CPU.Build.0 = Release|Any CPU
	EndGlobalSection
	GlobalSection(SolutionProperties) = preSolution
		HideSolutionNode = FALSE
	EndGlobalSection
	GlobalSection(ExtensibilityGlobals) = postSolution
		SolutionGuid = {DC2180EF-CB14-47AA-A0CA-70F3DDDB32F1}
	EndGlobalSection
EndGlobal
